
Microsoft Visual Studio Solution File, Format Version 12.00
# Visual Studio Version 16
VisualStudioVersion = 25.0.1706.12
MinimumVisualStudioVersion = 10.0.40219.1
Project("{FAE04EC0-301F-11D3-BF4B-00C04F79EFBC}") = "tvshow", "tvshow.csproj", "{0A28EFDF-AA86-4DBE-B7BE-260FE04C1921}"
EndProject
Global
	GlobalSection(SolutionConfigurationPlatforms) = preSolution
		Debug|Any CPU = Debug|Any CPU
		Release|Any CPU = Release|Any CPU
	EndGlobalSection
	GlobalSection(ProjectConfigurationPlatforms) = postSolution
		{0A28EFDF-AA86-4DBE-B7BE-260FE04C1921}.Debug|Any CPU.ActiveCfg = Debug|Any CPU
		{0A28EFDF-AA86-4DBE-B7BE-260FE04C1921}.Debug|Any CPU.Build.0 = Debug|Any CPU
		{0A28EFDF-AA86-4DBE-B7BE-260FE04C1921}.Release|Any CPU.ActiveCfg = Release|Any CPU
		{0A28EFDF-AA86-4DBE-B7BE-260FE04C1921}.Release|Any CPU.Build.0 = Release|Any CPU
	EndGlobalSection
	GlobalSection(SolutionProperties) = preSolution
		HideSolutionNode = FALSE
	EndGlobalSection
	GlobalSection(ExtensibilityGlobals) = postSolution
		SolutionGuid = {C83202B9-A304-4BEA-B291-80F36C892EE6}
	EndGlobalSection
EndGlobal
